// !$*UTF8*$!
{
	archiveVersion = 1;
	classes = {
	};
	objectVersion = 46;
	objects = {

/* Begin PBXBuildFile section */
		49E33B451E1D45A4001903BE /* AppDelegate.swift in Sources */ = {isa = PBXBuildFile; fileRef = 49E33B441E1D45A4001903BE /* AppDelegate.swift */; };
		49E33B471E1D45A4001903BE /* ViewController.swift in Sources */ = {isa = PBXBuildFile; fileRef = 49E33B461E1D45A4001903BE /* ViewController.swift */; };
		49E33B4A1E1D45A4001903BE /* Main.storyboard in Resources */ = {isa = PBXBuildFile; fileRef = 49E33B481E1D45A4001903BE /* Main.storyboard */; };
		49E33B4C1E1D45A4001903BE /* Assets.xcassets in Resources */ = {isa = PBXBuildFile; fileRef = 49E33B4B1E1D45A4001903BE /* Assets.xcassets */; };
		49E33B4F1E1D45A4001903BE /* LaunchScreen.storyboard in Resources */ = {isa = PBXBuildFile; fileRef = 49E33B4D1E1D45A4001903BE /* LaunchScreen.storyboard */; };
		49E33B591E1D480B001903BE /* WeatherGetter.swift in Sources */ = {isa = PBXBuildFile; fileRef = 49E33B581E1D480B001903BE /* WeatherGetter.swift */; };
/* End PBXBuildFile section */

/* Begin PBXFileReference section */
		49E33B411E1D45A4001903BE /* weathermoji.app */ = {isa = PBXFileReference; explicitFileType = wrapper.application; includeInIndex = 0; path = weathermoji.app; sourceTree = BUILT_PRODUCTS_DIR; };
		49E33B441E1D45A4001903BE /* AppDelegate.swift */ = {isa = PBXFileReference; lastKnownFileType = sourcecode.swift; path = AppDelegate.swift; sourceTree = "<group>"; };
		49E33B461E1D45A4001903BE /* ViewController.swift */ = {isa = PBXFileReference; lastKnownFileType = sourcecode.swift; path = ViewController.swift; sourceTree = "<group>"; };
		49E33B491E1D45A4001903BE /* Base */ = {isa = PBXFileReference; lastKnownFileType = file.storyboard; name = Base; path = Base.lproj/Main.storyboard; sourceTree = "<group>"; };
		49E33B4B1E1D45A4001903BE /* Assets.xcassets */ = {isa = PBXFileReference; lastKnownFileType = folder.assetcatalog; path = Assets.xcassets; sourceTree = "<group>"; };
		49E33B4E1E1D45A4001903BE /* Base */ = {isa = PBXFileReference; lastKnownFileType = file.storyboard; name = Base; path = Base.lproj/LaunchScreen.storyboard; sourceTree = "<group>"; };
		49E33B501E1D45A4001903BE /* Info.plist */ = {isa = PBXFileReference; lastKnownFileType = text.plist.xml; path = Info.plist; sourceTree = "<group>"; };
		49E33B581E1D480B001903BE /* WeatherGetter.swift */ = {isa = PBXFileReference; fileEncoding = 4; lastKnownFileType = sourcecode.swift; path = WeatherGetter.swift; sourceTree = "<group>"; };
/* End PBXFileReference section */

/* Begin PBXFrameworksBuildPhase section */
		49E33B3E1E1D45A4001903BE /* Frameworks */ = {
			isa = PBXFrameworksBuildPhase;
			buildActionMask = 2147483647;
			files = (
			);
			runOnlyForDeploymentPostprocessing = 0;
		};
/* End PBXFrameworksBuildPhase section */

/* Begin PBXGroup section */
		49E33B381E1D45A4001903BE = {
			isa = PBXGroup;
			children = (
				49E33B431E1D45A4001903BE /* weathermoji */,
				49E33B421E1D45A4001903BE /* Products */,
			);
			sourceTree = "<group>";
		};
		49E33B421E1D45A4001903BE /* Products */ = {
			isa = PBXGroup;
			children = (
				49E33B411E1D45A4001903BE /* weathermoji.app */,
			);
			name = Products;
			sourceTree = "<group>";
		};
		49E33B431E1D45A4001903BE /* weathermoji */ = {
			isa = PBXGroup;
			children = (
				49E33B441E1D45A4001903BE /* AppDelegate.swift */,
				49E33B461E1D45A4001903BE /* ViewController.swift */,
				49E33B581E1D480B001903BE /* WeatherGetter.swift */,
				49E33B481E1D45A4001903BE /* Main.storyboard */,
				49E33B4B1E1D45A4001903BE /* Assets.xcassets */,
				49E33B4D1E1D45A4001903BE /* LaunchScreen.storyboard */,
				49E33B501E1D45A4001903BE /* Info.plist */,
			);
			path = weathermoji;
			sourceTree = "<group>";
		};
/* End PBXGroup section */

/* Begin PBXNativeTarget section */
		49E33B401E1D45A4001903BE /* weathermoji */ = {
			isa = PBXNativeTarget;
			buildConfigurationList = 49E33B531E1D45A4001903BE /* Build configuration list for PBXNativeTarget "weathermoji" */;
			buildPhases = (
				49E33B3D1E1D45A4001903BE /* Sources */,
				49E33B3E1E1D45A4001903BE /* Frameworks */,
				49E33B3F1E1D45A4001903BE /* Resources */,
			);
			buildRules = (
			);
			dependencies = (
			);
			name = weathermoji;
			productName = weathermoji;
			productReference = 49E33B411E1D45A4001903BE /* weathermoji.app */;
			productType = "com.apple.product-type.application";
		};
/* End PBXNativeTarget section */

/* Begin PBXProject section */
		49E33B391E1D45A4001903BE /* Project object */ = {
			isa = PBXProject;
			attributes = {
				LastSwiftUpdateCheck = 0820;
				LastUpgradeCheck = 0820;
				ORGANIZATIONNAME = Yuge;
				TargetAttributes = {
					49E33B401E1D45A4001903BE = {
						CreatedOnToolsVersion = 8.2.1;
						DevelopmentTeam = 43B5CQKAZ4;
						ProvisioningStyle = Automatic;
					};
				};
			};
			buildConfigurationList = 49E33B3C1E1D45A4001903BE /* Build configuration list for PBXProject "weathermoji" */;
			compatibilityVersion = "Xcode 3.2";
			developmentRegion = English;
			hasScannedForEncodings = 0;
			knownRegions = (
				en,
				Base,
			);
			mainGroup = 49E33B381E1D45A4001903BE;
			productRefGroup = 49E33B421E1D45A4001903BE /* Products */;
			projectDirPath = "";
			projectRoot = "";
			targets = (
				49E33B401E1D45A4001903BE /* weathermoji */,
			);
		};
/* End PBXProject section */

/* Begin PBXResourcesBuildPhase section */
		49E33B3F1E1D45A4001903BE /* Resources */ = {
			isa = PBXResourcesBuildPhase;
			buildActionMask = 2147483647;
			files = (
				49E33B4F1E1D45A4001903BE /* LaunchScreen.storyboard in Resources */,
				49E33B4C1E1D45A4001903BE /* Assets.xcassets in Resources */,
				49E33B4A1E1D45A4001903BE /* Main.storyboard in Resources */,
			);
			runOnlyForDeploymentPostprocessing = 0;
		};
/* End PBXResourcesBuildPhase section */

/* Begin PBXSourcesBuildPhase section */
		49E33B3D1E1D45A4001903BE /* Sources */ = {
			isa = PBXSourcesBuildPhase;
			buildActionMask = 2147483647;
			files = (
				49E33B471E1D45A4001903BE /* ViewController.swift in Sources */,
				49E33B591E1D480B001903BE /* WeatherGetter.swift in Sources */,
				49E33B451E1D45A4001903BE /* AppDelegate.swift in Sources */,
			);
			runOnlyForDeploymentPostprocessing = 0;
		};
/* End PBXSourcesBuildPhase section */

/* Begin PBXVariantGroup section */
		49E33B481E1D45A4001903BE /* Main.storyboard */ = {
			isa = PBXVariantGroup;
			children = (
				49E33B491E1D45A4001903BE /* Base */,
			);
			name = Main.storyboard;
			sourceTree = "<group>";
		};
		49E33B4D1E1D45A4001903BE /* LaunchScreen.storyboard */ = {
			isa = PBXVariantGroup;
			children = (
				49E33B4E1E1D45A4001903BE /* Base */,
			);
			name = LaunchScreen.storyboard;
			sourceTree = "<group>";
		};
/* End PBXVariantGroup section */

/* Begin XCBuildConfiguration section */
		49E33B511E1D45A4001903BE /* Debug */ = {
			isa = XCBuildConfiguration;
			buildSettings = {
				ALWAYS_SEARCH_USER_PATHS = NO;
				CLANG_ANALYZER_NONNULL = YES;
				CLANG_CXX_LANGUAGE_STANDARD = "gnu++0x";
				CLANG_CXX_LIBRARY = "libc++";
				CLANG_ENABLE_MODULES = YES;
				CLANG_ENABLE_OBJC_ARC = YES;
				CLANG_WARN_BOOL_CONVERSION = YES;
				CLANG_WARN_CONSTANT_CONVERSION = YES;
				CLANG_WARN_DIRECT_OBJC_ISA_USAGE = YES_ERROR;
				CLANG_WARN_DOCUMENTATION_COMMENTS = YES;
				CLANG_WARN_EMPTY_BODY = YES;
				CLANG_WARN_ENUM_CONVERSION = YES;
				CLANG_WARN_INFINITE_RECURSION = YES;
				CLANG_WARN_INT_CONVERSION = YES;
				CLANG_WARN_OBJC_ROOT_CLASS = YES_ERROR;
				CLANG_WARN_SUSPICIOUS_MOVE = YES;
				CLANG_WARN_UNREACHABLE_CODE = YES;
				CLANG_WARN__DUPLICATE_METHOD_MATCH = YES;
				"CODE_SIGN_IDENTITY[sdk=iphoneos*]" = "iPhone Developer";
				COPY_PHASE_STRIP = NO;
				DEBUG_INFORMATION_FORMAT = dwarf;
				ENABLE_STRICT_OBJC_MSGSEND = YES;
				ENABLE_TESTABILITY = YES;
				GCC_C_LANGUAGE_STANDARD = gnu99;
				GCC_DYNAMIC_NO_PIC = NO;
				GCC_NO_COMMON_BLOCKS = YES;
				GCC_OPTIMIZATION_LEVEL = 0;
				GCC_PREPROCESSOR_DEFINITIONS = (
					"DEBUG=1",
					"$(inherited)",
				);
				GCC_WARN_64_TO_32_BIT_CONVERSION = YES;
				GCC_WARN_ABOUT_RETURN_TYPE = YES_ERROR;
				GCC_WARN_UNDECLARED_SELECTOR = YES;
				GCC_WARN_UNINITIALIZED_AUTOS = YES_AGGRESSIVE;
				GCC_WARN_UNUSED_FUNCTION = YES;
				GCC_WARN_UNUSED_VARIABLE = YES;
				IPHONEOS_DEPLOYMENT_TARGET = 10.2;
				MTL_ENABLE_DEBUG_INFO = YES;
				ONLY_ACTIVE_ARCH = YES;
				SDKROOT = iphoneos;
				SWIFT_ACTIVE_COMPILATION_CONDITIONS = DEBUG;
				SWIFT_OPTIMIZATION_LEVEL = "-Onone";
			};
			name = Debug;
		};
		49E33B521E1D45A4001903BE /* Release */ = {
			isa = XCBuildConfiguration;
			buildSettings = {
				ALWAYS_SEARCH_USER_PATHS = NO;
				CLANG_ANALYZER_NONNULL = YES;
				CLANG_CXX_LANGUAGE_STANDARD = "gnu++0x";
				CLANG_CXX_LIBRARY = "libc++";
				CLANG_ENABLE_MODULES = YES;
				CLANG_ENABLE_OBJC_ARC = YES;
				CLANG_WARN_BOOL_CONVERSION = YES;
				CLANG_WARN_CONSTANT_CONVERSION = YES;
				CLANG_WARN_DIRECT_OBJC_ISA_USAGE = YES_ERROR;
				CLANG_WARN_DOCUMENTATION_COMMENTS = YES;
				CLANG_WARN_EMPTY_BODY = YES;
				CLANG_WARN_ENUM_CONVERSION = YES;
				CLANG_WARN_INFINITE_RECURSION = YES;
				CLANG_WARN_INT_CONVERSION = YES;
				CLANG_WARN_OBJC_ROOT_CLASS = YES_ERROR;
				CLANG_WARN_SUSPICIOUS_MOVE = YES;
				CLANG_WARN_UNREACHABLE_CODE = YES;
				CLANG_WARN__DUPLICATE_METHOD_MATCH = YES;
				"CODE_SIGN_IDENTITY[sdk=iphoneos*]" = "iPhone Developer";
				COPY_PHASE_STRIP = NO;
				DEBUG_INFORMATION_FORMAT = "dwarf-with-dsym";
				ENABLE_NS_ASSERTIONS = NO;
				ENABLE_STRICT_OBJC_MSGSEND = YES;
				GCC_C_LANGUAGE_STANDARD = gnu99;
				GCC_NO_COMMON_BLOCKS = YES;
				GCC_WARN_64_TO_32_BIT_CONVERSION = YES;
				GCC_WARN_ABOUT_RETURN_TYPE = YES_ERROR;
				GCC_WARN_UNDECLARED_SELECTOR = YES;
				GCC_WARN_UNINITIALIZED_AUTOS = YES_AGGRESSIVE;
				GCC_WARN_UNUSED_FUNCTION = YES;
				GCC_WARN_UNUSED_VARIABLE = YES;
				IPHONEOS_DEPLOYMENT_TARGET = 10.2;
				MTL_ENABLE_DEBUG_INFO = NO;
				SDKROOT = iphoneos;
				SWIFT_OPTIMIZATION_LEVEL = "-Owholemodule";
				VALIDATE_PRODUCT = YES;
			};
			name = Release;
		};
		49E33B541E1D45A4001903BE /* Debug */ = {
			isa = XCBuildConfiguration;
			buildSettings = {
				ASSETCATALOG_COMPILER_APPICON_NAME = AppIcon;
				DEVELOPMENT_TEAM = 43B5CQKAZ4;
				INFOPLIST_FILE = weathermoji/Info.plist;
				LD_RUNPATH_SEARCH_PATHS = "$(inherited) @executable_path/Frameworks";
				PRODUCT_BUNDLE_IDENTIFIER = com.yuge.weathermoji;
				PRODUCT_NAME = "$(TARGET_NAME)";
				SWIFT_VERSION = 3.0;
			};
			name = Debug;
		};
		49E33B551E1D45A4001903BE /* Release */ = {
			isa = XCBuildConfiguration;
			buildSettings = {
				ASSETCATALOG_COMPILER_APPICON_NAME = AppIcon;
				DEVELOPMENT_TEAM = 43B5CQKAZ4;
				INFOPLIST_FILE = weathermoji/Info.plist;
				LD_RUNPATH_SEARCH_PATHS = "$(inherited) @executable_path/Frameworks";
				PRODUCT_BUNDLE_IDENTIFIER = com.yuge.weathermoji;
				PRODUCT_NAME = "$(TARGET_NAME)";
				SWIFT_VERSION = 3.0;
			};
			name = Release;
		};
/* End XCBuildConfiguration section */

/* Begin XCConfigurationList section */
		49E33B3C1E1D45A4001903BE /* Build configuration list for PBXProject "weathermoji" */ = {
			isa = XCConfigurationList;
			buildConfigurations = (
				49E33B511E1D45A4001903BE /* Debug */,
				49E33B521E1D45A4001903BE /* Release */,
			);
			defaultConfigurationIsVisible = 0;
			defaultConfigurationName = Release;
		};
		49E33B531E1D45A4001903BE /* Build configuration list for PBXNativeTarget "weathermoji" */ = {
			isa = XCConfigurationList;
			buildConfigurations = (
				49E33B541E1D45A4001903BE /* Debug */,
				49E33B551E1D45A4001903BE /* Release */,
			);
			defaultConfigurationIsVisible = 0;
		};
/* End XCConfigurationList section */
	};
	rootObject = 49E33B391E1D45A4001903BE /* Project object */;
}
